
Microsoft Visual Studio Solution File, Format Version 12.00
# Visual Studio Version 17
VisualStudioVersion = 17.2.32526.322
MinimumVisualStudioVersion = 10.0.40219.1
Project("{FAE04EC0-301F-11D3-BF4B-00C04F79EFBC}") = "Yummy", "Yummy\Yummy.csproj", "{521DFA6A-EE17-49EE-A0AF-10667FF8982B}"
EndProject
Global
	GlobalSection(SolutionConfigurationPlatforms) = preSolution
		Debug|Any CPU = Debug|Any CPU
		Release|Any CPU = Release|Any CPU
	EndGlobalSection
	GlobalSection(ProjectConfigurationPlatforms) = postSolution
		{521DFA6A-EE17-49EE-A0AF-10667FF8982B}.Debug|Any CPU.ActiveCfg = Debug|Any CPU
		{521DFA6A-EE17-49EE-A0AF-10667FF8982B}.Debug|Any CPU.Build.0 = Debug|Any CPU
		{521DFA6A-EE17-49EE-A0AF-10667FF8982B}.Release|Any CPU.ActiveCfg = Release|Any CPU
		{521DFA6A-EE17-49EE-A0AF-10667FF8982B}.Release|Any CPU.Build.0 = Release|Any CPU
	EndGlobalSection
	GlobalSection(SolutionProperties) = preSolution
		HideSolutionNode = FALSE
	EndGlobalSection
	GlobalSection(ExtensibilityGlobals) = postSolution
		SolutionGuid = {881EB64A-D42F-4D54-A93E-E020EDC152FB}
	EndGlobalSection
EndGlobal
